
Microsoft Visual Studio Solution File, Format Version 12.00
# Visual Studio Version 17
VisualStudioVersion = 17.4.33403.182
MinimumVisualStudioVersion = 10.0.40219.1
Project("{9A19103F-16F7-4668-BE54-9A1E7A4F7556}") = "Task_5.1", "Task_5.1\Task_5.1.csproj", "{01564E86-51C4-45DF-9533-DDF0145D64C3}"
EndProject
Project("{9A19103F-16F7-4668-BE54-9A1E7A4F7556}") = "MethodShowColor", "MethodShowColor\MethodShowColor.csproj", "{7AC62238-F8EE-4A9E-BD97-3FE8D524D657}"
EndProject
Project("{9A19103F-16F7-4668-BE54-9A1E7A4F7556}") = "ScreenCast_5.1", "ScreenCast_5.1\ScreenCast_5.1.csproj", "{6C17F3D3-F6A6-451C-A66F-898B2712790B}"
EndProject
Project("{9A19103F-16F7-4668-BE54-9A1E7A4F7556}") = "Task_5.1.6", "Task_5.1.6\Task_5.1.6.csproj", "{1A0F810C-A17E-4BF5-B770-B588585E5361}"
EndProject
Project("{9A19103F-16F7-4668-BE54-9A1E7A4F7556}") = "Task_5.2.2", "Task_5.2.2\Task_5.2.2.csproj", "{BE60F1BE-D275-4832-AE8E-7BD0750DA2FB}"
EndProject
Project("{9A19103F-16F7-4668-BE54-9A1E7A4F7556}") = "Task_5.2.3", "Task_5.2.3\Task_5.2.3.csproj", "{3CD9F282-E1D4-4DA3-9118-58F60AE1362A}"
EndProject
Project("{9A19103F-16F7-4668-BE54-9A1E7A4F7556}") = "Task_5.2.7", "Task_5.2.7\Task_5.2.7.csproj", "{9E95501E-0509-4703-B020-DF63CD6288DE}"
EndProject
Project("{9A19103F-16F7-4668-BE54-9A1E7A4F7556}") = "Task_5.2.8", "Task_5.2.8\Task_5.2.8.csproj", "{599ED5F8-D95D-482B-BE16-2CE7F14BD77F}"
EndProject
Project("{9A19103F-16F7-4668-BE54-9A1E7A4F7556}") = "ScreenCast_5.2", "ScreenCast_5.2\ScreenCast_5.2.csproj", "{CC098E17-473C-4E7D-B7EA-C7AF84219082}"
EndProject
Project("{9A19103F-16F7-4668-BE54-9A1E7A4F7556}") = "Task_5.2.14", "Task_5.2.14\Task_5.2.14.csproj", "{A812B141-8E71-43FE-8766-D70D4DBC1103}"
EndProject
Project("{9A19103F-16F7-4668-BE54-9A1E7A4F7556}") = "Task_5.2.15", "Task_5.2.15\Task_5.2.15.csproj", "{38C7CBBA-DCE6-4420-AC12-2591ED51FD2A}"
EndProject
Project("{9A19103F-16F7-4668-BE54-9A1E7A4F7556}") = "Task_5.2.17", "Task_5.2.17\Task_5.2.17.csproj", "{4A26A55E-FE60-4F9F-B39B-CB76F5F99A95}"
EndProject
Project("{9A19103F-16F7-4668-BE54-9A1E7A4F7556}") = "Task_5.2.18", "Task_5.2.18\Task_5.2.18.csproj", "{44D9BF0C-6EC3-40FF-A180-3530248B3266}"
EndProject
Project("{FAE04EC0-301F-11D3-BF4B-00C04F79EFBC}") = "Screencast_5.3", "Screencast_5.3\Screencast_5.3.csproj", "{7A101905-148C-4439-BC22-BC2433D364C8}"
EndProject
Project("{FAE04EC0-301F-11D3-BF4B-00C04F79EFBC}") = "Task_5.3.1", "Task_5.3.1\Task_5.3.1.csproj", "{47F238AD-F11A-4D17-AA64-14A6145FEC61}"
EndProject
Project("{FAE04EC0-301F-11D3-BF4B-00C04F79EFBC}") = "Task_5.3.3", "Task_5.3.3\Task_5.3.3.csproj", "{12A46E8C-5EE4-49D6-ADB5-5549CD62EDF9}"
EndProject
Project("{FAE04EC0-301F-11D3-BF4B-00C04F79EFBC}") = "Task_5.3.5", "Task_5.3.5\Task_5.3.5.csproj", "{E985B2A4-6B74-4464-9B3B-0708F3B957E6}"
EndProject
Project("{FAE04EC0-301F-11D3-BF4B-00C04F79EFBC}") = "Task_5.3.8", "Task_5.3.8\Task_5.3.8.csproj", "{B3024218-AA05-446C-A8AF-9690F7487F3A}"
EndProject
Project("{FAE04EC0-301F-11D3-BF4B-00C04F79EFBC}") = "Task_5.3.13", "Task_5.3.13\Task_5.3.13.csproj", "{57659A61-20EC-4CB0-AE7D-A0AD4F6D0C8C}"
EndProject
Project("{FAE04EC0-301F-11D3-BF4B-00C04F79EFBC}") = "Task_5.4.3", "Task_5.4.3\Task_5.4.3.csproj", "{AEDACC18-C1D2-4025-8EE9-CF07D641D03B}"
EndProject
Project("{FAE04EC0-301F-11D3-BF4B-00C04F79EFBC}") = "Task_5.4.4", "Task_5.4.4\Task_5.4.4.csproj", "{C2A62FD8-BD50-4767-B36F-85AAF8241F6C}"
EndProject
Project("{FAE04EC0-301F-11D3-BF4B-00C04F79EFBC}") = "ScreenCast_5.4", "ScreenCast_5.4\ScreenCast_5.4.csproj", "{B2020A53-5C93-41AC-9EA6-48143A3340F2}"
EndProject
Global
	GlobalSection(SolutionConfigurationPlatforms) = preSolution
		Debug|Any CPU = Debug|Any CPU
		Release|Any CPU = Release|Any CPU
	EndGlobalSection
	GlobalSection(ProjectConfigurationPlatforms) = postSolution
		{01564E86-51C4-45DF-9533-DDF0145D64C3}.Debug|Any CPU.ActiveCfg = Debug|Any CPU
		{01564E86-51C4-45DF-9533-DDF0145D64C3}.Debug|Any CPU.Build.0 = Debug|Any CPU
		{01564E86-51C4-45DF-9533-DDF0145D64C3}.Release|Any CPU.ActiveCfg = Release|Any CPU
		{01564E86-51C4-45DF-9533-DDF0145D64C3}.Release|Any CPU.Build.0 = Release|Any CPU
		{7AC62238-F8EE-4A9E-BD97-3FE8D524D657}.Debug|Any CPU.ActiveCfg = Debug|Any CPU
		{7AC62238-F8EE-4A9E-BD97-3FE8D524D657}.Debug|Any CPU.Build.0 = Debug|Any CPU
		{7AC62238-F8EE-4A9E-BD97-3FE8D524D657}.Release|Any CPU.ActiveCfg = Release|Any CPU
		{7AC62238-F8EE-4A9E-BD97-3FE8D524D657}.Release|Any CPU.Build.0 = Release|Any CPU
		{6C17F3D3-F6A6-451C-A66F-898B2712790B}.Debug|Any CPU.ActiveCfg = Debug|Any CPU
		{6C17F3D3-F6A6-451C-A66F-898B2712790B}.Debug|Any CPU.Build.0 = Debug|Any CPU
		{6C17F3D3-F6A6-451C-A66F-898B2712790B}.Release|Any CPU.ActiveCfg = Release|Any CPU
		{6C17F3D3-F6A6-451C-A66F-898B2712790B}.Release|Any CPU.Build.0 = Release|Any CPU
		{1A0F810C-A17E-4BF5-B770-B588585E5361}.Debug|Any CPU.ActiveCfg = Debug|Any CPU
		{1A0F810C-A17E-4BF5-B770-B588585E5361}.Debug|Any CPU.Build.0 = Debug|Any CPU
		{1A0F810C-A17E-4BF5-B770-B588585E5361}.Release|Any CPU.ActiveCfg = Release|Any CPU
		{1A0F810C-A17E-4BF5-B770-B588585E5361}.Release|Any CPU.Build.0 = Release|Any CPU
		{BE60F1BE-D275-4832-AE8E-7BD0750DA2FB}.Debug|Any CPU.ActiveCfg = Debug|Any CPU
		{BE60F1BE-D275-4832-AE8E-7BD0750DA2FB}.Debug|Any CPU.Build.0 = Debug|Any CPU
		{BE60F1BE-D275-4832-AE8E-7BD0750DA2FB}.Release|Any CPU.ActiveCfg = Release|Any CPU
		{BE60F1BE-D275-4832-AE8E-7BD0750DA2FB}.Release|Any CPU.Build.0 = Release|Any CPU
		{3CD9F282-E1D4-4DA3-9118-58F60AE1362A}.Debug|Any CPU.ActiveCfg = Debug|Any CPU
		{3CD9F282-E1D4-4DA3-9118-58F60AE1362A}.Debug|Any CPU.Build.0 = Debug|Any CPU
		{3CD9F282-E1D4-4DA3-9118-58F60AE1362A}.Release|Any CPU.ActiveCfg = Release|Any CPU
		{3CD9F282-E1D4-4DA3-9118-58F60AE1362A}.Release|Any CPU.Build.0 = Release|Any CPU
		{9E95501E-0509-4703-B020-DF63CD6288DE}.Debug|Any CPU.ActiveCfg = Debug|Any CPU
		{9E95501E-0509-4703-B020-DF63CD6288DE}.Debug|Any CPU.Build.0 = Debug|Any CPU
		{9E95501E-0509-4703-B020-DF63CD6288DE}.Release|Any CPU.ActiveCfg = Release|Any CPU
		{9E95501E-0509-4703-B020-DF63CD6288DE}.Release|Any CPU.Build.0 = Release|Any CPU
		{599ED5F8-D95D-482B-BE16-2CE7F14BD77F}.Debug|Any CPU.ActiveCfg = Debug|Any CPU
		{599ED5F8-D95D-482B-BE16-2CE7F14BD77F}.Debug|Any CPU.Build.0 = Debug|Any CPU
		{599ED5F8-D95D-482B-BE16-2CE7F14BD77F}.Release|Any CPU.ActiveCfg = Release|Any CPU
		{599ED5F8-D95D-482B-BE16-2CE7F14BD77F}.Release|Any CPU.Build.0 = Release|Any CPU
		{CC098E17-473C-4E7D-B7EA-C7AF84219082}.Debug|Any CPU.ActiveCfg = Debug|Any CPU
		{CC098E17-473C-4E7D-B7EA-C7AF84219082}.Debug|Any CPU.Build.0 = Debug|Any CPU
		{CC098E17-473C-4E7D-B7EA-C7AF84219082}.Release|Any CPU.ActiveCfg = Release|Any CPU
		{CC098E17-473C-4E7D-B7EA-C7AF84219082}.Release|Any CPU.Build.0 = Release|Any CPU
		{A812B141-8E71-43FE-8766-D70D4DBC1103}.Debug|Any CPU.ActiveCfg = Debug|Any CPU
		{A812B141-8E71-43FE-8766-D70D4DBC1103}.Debug|Any CPU.Build.0 = Debug|Any CPU
		{A812B141-8E71-43FE-8766-D70D4DBC1103}.Release|Any CPU.ActiveCfg = Release|Any CPU
		{A812B141-8E71-43FE-8766-D70D4DBC1103}.Release|Any CPU.Build.0 = Release|Any CPU
		{38C7CBBA-DCE6-4420-AC12-2591ED51FD2A}.Debug|Any CPU.ActiveCfg = Debug|Any CPU
		{38C7CBBA-DCE6-4420-AC12-2591ED51FD2A}.Debug|Any CPU.Build.0 = Debug|Any CPU
		{38C7CBBA-DCE6-4420-AC12-2591ED51FD2A}.Release|Any CPU.ActiveCfg = Release|Any CPU
		{38C7CBBA-DCE6-4420-AC12-2591ED51FD2A}.Release|Any CPU.Build.0 = Release|Any CPU
		{4A26A55E-FE60-4F9F-B39B-CB76F5F99A95}.Debug|Any CPU.ActiveCfg = Debug|Any CPU
		{4A26A55E-FE60-4F9F-B39B-CB76F5F99A95}.Debug|Any CPU.Build.0 = Debug|Any CPU
		{4A26A55E-FE60-4F9F-B39B-CB76F5F99A95}.Release|Any CPU.ActiveCfg = Release|Any CPU
		{4A26A55E-FE60-4F9F-B39B-CB76F5F99A95}.Release|Any CPU.Build.0 = Release|Any CPU
		{44D9BF0C-6EC3-40FF-A180-3530248B3266}.Debug|Any CPU.ActiveCfg = Debug|Any CPU
		{44D9BF0C-6EC3-40FF-A180-3530248B3266}.Debug|Any CPU.Build.0 = Debug|Any CPU
		{44D9BF0C-6EC3-40FF-A180-3530248B3266}.Release|Any CPU.ActiveCfg = Release|Any CPU
		{44D9BF0C-6EC3-40FF-A180-3530248B3266}.Release|Any CPU.Build.0 = Release|Any CPU
		{7A101905-148C-4439-BC22-BC2433D364C8}.Debug|Any CPU.ActiveCfg = Debug|Any CPU
		{7A101905-148C-4439-BC22-BC2433D364C8}.Debug|Any CPU.Build.0 = Debug|Any CPU
		{7A101905-148C-4439-BC22-BC2433D364C8}.Release|Any CPU.ActiveCfg = Release|Any CPU
		{7A101905-148C-4439-BC22-BC2433D364C8}.Release|Any CPU.Build.0 = Release|Any CPU
		{47F238AD-F11A-4D17-AA64-14A6145FEC61}.Debug|Any CPU.ActiveCfg = Debug|Any CPU
		{47F238AD-F11A-4D17-AA64-14A6145FEC61}.Debug|Any CPU.Build.0 = Debug|Any CPU
		{47F238AD-F11A-4D17-AA64-14A6145FEC61}.Release|Any CPU.ActiveCfg = Release|Any CPU
		{47F238AD-F11A-4D17-AA64-14A6145FEC61}.Release|Any CPU.Build.0 = Release|Any CPU
		{12A46E8C-5EE4-49D6-ADB5-5549CD62EDF9}.Debug|Any CPU.ActiveCfg = Debug|Any CPU
		{12A46E8C-5EE4-49D6-ADB5-5549CD62EDF9}.Debug|Any CPU.Build.0 = Debug|Any CPU
		{12A46E8C-5EE4-49D6-ADB5-5549CD62EDF9}.Release|Any CPU.ActiveCfg = Release|Any CPU
		{12A46E8C-5EE4-49D6-ADB5-5549CD62EDF9}.Release|Any CPU.Build.0 = Release|Any CPU
		{E985B2A4-6B74-4464-9B3B-0708F3B957E6}.Debug|Any CPU.ActiveCfg = Debug|Any CPU
		{E985B2A4-6B74-4464-9B3B-0708F3B957E6}.Debug|Any CPU.Build.0 = Debug|Any CPU
		{E985B2A4-6B74-4464-9B3B-0708F3B957E6}.Release|Any CPU.ActiveCfg = Release|Any CPU
		{E985B2A4-6B74-4464-9B3B-0708F3B957E6}.Release|Any CPU.Build.0 = Release|Any CPU
		{B3024218-AA05-446C-A8AF-9690F7487F3A}.Debug|Any CPU.ActiveCfg = Debug|Any CPU
		{B3024218-AA05-446C-A8AF-9690F7487F3A}.Debug|Any CPU.Build.0 = Debug|Any CPU
		{B3024218-AA05-446C-A8AF-9690F7487F3A}.Release|Any CPU.ActiveCfg = Release|Any CPU
		{B3024218-AA05-446C-A8AF-9690F7487F3A}.Release|Any CPU.Build.0 = Release|Any CPU
		{57659A61-20EC-4CB0-AE7D-A0AD4F6D0C8C}.Debug|Any CPU.ActiveCfg = Debug|Any CPU
		{57659A61-20EC-4CB0-AE7D-A0AD4F6D0C8C}.Debug|Any CPU.Build.0 = Debug|Any CPU
		{57659A61-20EC-4CB0-AE7D-A0AD4F6D0C8C}.Release|Any CPU.ActiveCfg = Release|Any CPU
		{57659A61-20EC-4CB0-AE7D-A0AD4F6D0C8C}.Release|Any CPU.Build.0 = Release|Any CPU
		{AEDACC18-C1D2-4025-8EE9-CF07D641D03B}.Debug|Any CPU.ActiveCfg = Debug|Any CPU
		{AEDACC18-C1D2-4025-8EE9-CF07D641D03B}.Debug|Any CPU.Build.0 = Debug|Any CPU
		{AEDACC18-C1D2-4025-8EE9-CF07D641D03B}.Release|Any CPU.ActiveCfg = Release|Any CPU
		{AEDACC18-C1D2-4025-8EE9-CF07D641D03B}.Release|Any CPU.Build.0 = Release|Any CPU
		{C2A62FD8-BD50-4767-B36F-85AAF8241F6C}.Debug|Any CPU.ActiveCfg = Debug|Any CPU
		{C2A62FD8-BD50-4767-B36F-85AAF8241F6C}.Debug|Any CPU.Build.0 = Debug|Any CPU
		{C2A62FD8-BD50-4767-B36F-85AAF8241F6C}.Release|Any CPU.ActiveCfg = Release|Any CPU
		{C2A62FD8-BD50-4767-B36F-85AAF8241F6C}.Release|Any CPU.Build.0 = Release|Any CPU
		{B2020A53-5C93-41AC-9EA6-48143A3340F2}.Debug|Any CPU.ActiveCfg = Debug|Any CPU
		{B2020A53-5C93-41AC-9EA6-48143A3340F2}.Debug|Any CPU.Build.0 = Debug|Any CPU
		{B2020A53-5C93-41AC-9EA6-48143A3340F2}.Release|Any CPU.ActiveCfg = Release|Any CPU
		{B2020A53-5C93-41AC-9EA6-48143A3340F2}.Release|Any CPU.Build.0 = Release|Any CPU
	EndGlobalSection
	GlobalSection(SolutionProperties) = preSolution
		HideSolutionNode = FALSE
	EndGlobalSection
	GlobalSection(ExtensibilityGlobals) = postSolution
		SolutionGuid = {9C4B96B9-D26A-4655-A741-CA20536B5F1F}
	EndGlobalSection
EndGlobal
